
Microsoft Visual Studio Solution File, Format Version 12.00
# Visual Studio Version 16
Project("{8BC9CEB8-8B4A-11D0-8D11-00A0C91BC942}") = "RadioInactive", "RadioInactive\RadioInactive.vcxproj", "{C72DF503-33EE-703A-FC28-BAB768A8B516}"
EndProject
Project("{8BC9CEB8-8B4A-11D0-8D11-00A0C91BC942}") = "RetDabba", "RetDabba\RetDabba.vcxproj", "{1A3C1F9B-0609-7AA6-2F22-684E1B4EAF34}"
EndProject
Global
	GlobalSection(SolutionConfigurationPlatforms) = preSolution
		Debug|x64 = Debug|x64
		Dist|x64 = Dist|x64
		Release|x64 = Release|x64
	EndGlobalSection
	GlobalSection(ProjectConfigurationPlatforms) = postSolution
		{C72DF503-33EE-703A-FC28-BAB768A8B516}.Debug|x64.ActiveCfg = Debug|x64
		{C72DF503-33EE-703A-FC28-BAB768A8B516}.Debug|x64.Build.0 = Debug|x64
		{C72DF503-33EE-703A-FC28-BAB768A8B516}.Dist|x64.ActiveCfg = Dist|x64
		{C72DF503-33EE-703A-FC28-BAB768A8B516}.Dist|x64.Build.0 = Dist|x64
		{C72DF503-33EE-703A-FC28-BAB768A8B516}.Release|x64.ActiveCfg = Release|x64
		{C72DF503-33EE-703A-FC28-BAB768A8B516}.Release|x64.Build.0 = Release|x64
		{1A3C1F9B-0609-7AA6-2F22-684E1B4EAF34}.Debug|x64.ActiveCfg = Debug|x64
		{1A3C1F9B-0609-7AA6-2F22-684E1B4EAF34}.Debug|x64.Build.0 = Debug|x64
		{1A3C1F9B-0609-7AA6-2F22-684E1B4EAF34}.Dist|x64.ActiveCfg = Dist|x64
		{1A3C1F9B-0609-7AA6-2F22-684E1B4EAF34}.Dist|x64.Build.0 = Dist|x64
		{1A3C1F9B-0609-7AA6-2F22-684E1B4EAF34}.Release|x64.ActiveCfg = Release|x64
		{1A3C1F9B-0609-7AA6-2F22-684E1B4EAF34}.Release|x64.Build.0 = Release|x64
	EndGlobalSection
	GlobalSection(SolutionProperties) = preSolution
		HideSolutionNode = FALSE
	EndGlobalSection
EndGlobal
