<?xml version="1.0" encoding="utf-8"?>
<Project ToolsVersion="4.0" xmlns="http://schemas.microsoft.com/developer/msbuild/2003">
  <ItemGroup>
    <Filter Include="Platform">
      <UniqueIdentifier>{2AC788B4-1694-E3BF-3FAD-D1672BD9184E}</UniqueIdentifier>
    </Filter>
    <Filter Include="Platform\Windows">
      <UniqueIdentifier>{64FBD71A-50F4-F66C-7926-DCF1657ED678}</UniqueIdentifier>
    </Filter>
    <Filter Include="RadioInactive">
      <UniqueIdentifier>{C72DF503-33EE-703A-FC28-BAB768A8B516}</UniqueIdentifier>
    </Filter>
    <Filter Include="RadioInactive\Events">
      <UniqueIdentifier>{CBB36263-B742-EC2C-6061-00284CCFFCD2}</UniqueIdentifier>
    </Filter>
  </ItemGroup>
  <ItemGroup>
    <ClInclude Include="Source\Platform\Windows\WindowsWindow.h">
      <Filter>Platform\Windows</Filter>
    </ClInclude>
    <ClInclude Include="Source\RIPCH.h" />
    <ClInclude Include="Source\RadioInactive.h" />
    <ClInclude Include="Source\RadioInactive\Application.h">
      <Filter>RadioInactive</Filter>
    </ClInclude>
    <ClInclude Include="Source\RadioInactive\Core.h">
      <Filter>RadioInactive</Filter>
    </ClInclude>
    <ClInclude Include="Source\RadioInactive\EntryPoint.h">
      <Filter>RadioInactive</Filter>
    </ClInclude>
    <ClInclude Include="Source\RadioInactive\Events\ApplicationEvent.h">
      <Filter>RadioInactive\Events</Filter>
    </ClInclude>
    <ClInclude Include="Source\RadioInactive\Events\Event.h">
      <Filter>RadioInactive\Events</Filter>
    </ClInclude>
    <ClInclude Include="Source\RadioInactive\Events\KeyEvent.h">
      <Filter>RadioInactive\Events</Filter>
    </ClInclude>
    <ClInclude Include="Source\RadioInactive\Events\MouseEvent.h">
      <Filter>RadioInactive\Events</Filter>
    </ClInclude>
    <ClInclude Include="Source\RadioInactive\Log.h">
      <Filter>RadioInactive</Filter>
    </ClInclude>
    <ClInclude Include="Source\Window.h" />
  </ItemGroup>
  <ItemGroup>
    <ClCompile Include="Source\Platform\Windows\WindowsWindow.cpp">
      <Filter>Platform\Windows</Filter>
    </ClCompile>
    <ClCompile Include="Source\RIPCH.cpp" />
    <ClCompile Include="Source\RadioInactive\Application.cpp">
      <Filter>RadioInactive</Filter>
    </ClCompile>
    <ClCompile Include="Source\RadioInactive\Log.cpp">
      <Filter>RadioInactive</Filter>
    </ClCompile>
  </ItemGroup>
</Project>