<?xml version="1.0" encoding="utf-8"?>
<Project ToolsVersion="4.0" xmlns="http://schemas.microsoft.com/developer/msbuild/2003">
  <ItemGroup>
    <Filter Include="RadioInactive">
      <UniqueIdentifier>{C72DF503-33EE-703A-FC28-BAB768A8B516}</UniqueIdentifier>
    </Filter>
  </ItemGroup>
  <ItemGroup>
    <ClInclude Include="Source\RadioInactive.h" />
    <ClInclude Include="Source\RadioInactive\Application.h">
      <Filter>RadioInactive</Filter>
    </ClInclude>
    <ClInclude Include="Source\RadioInactive\Core.h">
      <Filter>RadioInactive</Filter>
    </ClInclude>
    <ClInclude Include="Source\RadioInactive\EntryPoint.h">
      <Filter>RadioInactive</Filter>
    </ClInclude>
    <ClInclude Include="Source\RadioInactive\Log.h">
      <Filter>RadioInactive</Filter>
    </ClInclude>
  </ItemGroup>
  <ItemGroup>
    <ClCompile Include="Source\RadioInactive\Application.cpp">
      <Filter>RadioInactive</Filter>
    </ClCompile>
    <ClCompile Include="Source\RadioInactive\Log.cpp">
      <Filter>RadioInactive</Filter>
    </ClCompile>
  </ItemGroup>
</Project>